// !$*UTF8*$!
{
	archiveVersion = 1;
	classes = {
	};
	objectVersion = 46;
	objects = {

/* Begin PBXBuildFile section */
		7F0DBAC41E761727000C016B /* AppDelegate.swift in Sources */ = {isa = PBXBuildFile; fileRef = 7F0DBAC31E761727000C016B /* AppDelegate.swift */; };
		7F0DBAC61E761727000C016B /* ViewController.swift in Sources */ = {isa = PBXBuildFile; fileRef = 7F0DBAC51E761727000C016B /* ViewController.swift */; };
		7F0DBAC91E761727000C016B /* Main.storyboard in Resources */ = {isa = PBXBuildFile; fileRef = 7F0DBAC71E761727000C016B /* Main.storyboard */; };
		7F0DBACB1E761727000C016B /* Assets.xcassets in Resources */ = {isa = PBXBuildFile; fileRef = 7F0DBACA1E761727000C016B /* Assets.xcassets */; };
		7F0DBACE1E761727000C016B /* LaunchScreen.storyboard in Resources */ = {isa = PBXBuildFile; fileRef = 7F0DBACC1E761727000C016B /* LaunchScreen.storyboard */; };
		7F0DBAD91E761727000C016B /* LeavingHomeTest2_CoreMotionTests.swift in Sources */ = {isa = PBXBuildFile; fileRef = 7F0DBAD81E761727000C016B /* LeavingHomeTest2_CoreMotionTests.swift */; };
		7F0DBAE41E761727000C016B /* LeavingHomeTest2_CoreMotionUITests.swift in Sources */ = {isa = PBXBuildFile; fileRef = 7F0DBAE31E761727000C016B /* LeavingHomeTest2_CoreMotionUITests.swift */; };
/* End PBXBuildFile section */

/* Begin PBXContainerItemProxy section */
		7F0DBAD51E761727000C016B /* PBXContainerItemProxy */ = {
			isa = PBXContainerItemProxy;
			containerPortal = 7F0DBAB81E761727000C016B /* Project object */;
			proxyType = 1;
			remoteGlobalIDString = 7F0DBABF1E761727000C016B;
			remoteInfo = LeavingHomeTest2_CoreMotion;
		};
		7F0DBAE01E761727000C016B /* PBXContainerItemProxy */ = {
			isa = PBXContainerItemProxy;
			containerPortal = 7F0DBAB81E761727000C016B /* Project object */;
			proxyType = 1;
			remoteGlobalIDString = 7F0DBABF1E761727000C016B;
			remoteInfo = LeavingHomeTest2_CoreMotion;
		};
/* End PBXContainerItemProxy section */

/* Begin PBXFileReference section */
		7F0DBAC01E761727000C016B /* LeavingHomeTest2_CoreMotion.app */ = {isa = PBXFileReference; explicitFileType = wrapper.application; includeInIndex = 0; path = LeavingHomeTest2_CoreMotion.app; sourceTree = BUILT_PRODUCTS_DIR; };
		7F0DBAC31E761727000C016B /* AppDelegate.swift */ = {isa = PBXFileReference; lastKnownFileType = sourcecode.swift; path = AppDelegate.swift; sourceTree = "<group>"; };
		7F0DBAC51E761727000C016B /* ViewController.swift */ = {isa = PBXFileReference; lastKnownFileType = sourcecode.swift; path = ViewController.swift; sourceTree = "<group>"; };
		7F0DBAC81E761727000C016B /* Base */ = {isa = PBXFileReference; lastKnownFileType = file.storyboard; name = Base; path = Base.lproj/Main.storyboard; sourceTree = "<group>"; };
		7F0DBACA1E761727000C016B /* Assets.xcassets */ = {isa = PBXFileReference; lastKnownFileType = folder.assetcatalog; path = Assets.xcassets; sourceTree = "<group>"; };
		7F0DBACD1E761727000C016B /* Base */ = {isa = PBXFileReference; lastKnownFileType = file.storyboard; name = Base; path = Base.lproj/LaunchScreen.storyboard; sourceTree = "<group>"; };
		7F0DBACF1E761727000C016B /* Info.plist */ = {isa = PBXFileReference; lastKnownFileType = text.plist.xml; path = Info.plist; sourceTree = "<group>"; };
		7F0DBAD41E761727000C016B /* LeavingHomeTest2_CoreMotionTests.xctest */ = {isa = PBXFileReference; explicitFileType = wrapper.cfbundle; includeInIndex = 0; path = LeavingHomeTest2_CoreMotionTests.xctest; sourceTree = BUILT_PRODUCTS_DIR; };
		7F0DBAD81E761727000C016B /* LeavingHomeTest2_CoreMotionTests.swift */ = {isa = PBXFileReference; lastKnownFileType = sourcecode.swift; path = LeavingHomeTest2_CoreMotionTests.swift; sourceTree = "<group>"; };
		7F0DBADA1E761727000C016B /* Info.plist */ = {isa = PBXFileReference; lastKnownFileType = text.plist.xml; path = Info.plist; sourceTree = "<group>"; };
		7F0DBADF1E761727000C016B /* LeavingHomeTest2_CoreMotionUITests.xctest */ = {isa = PBXFileReference; explicitFileType = wrapper.cfbundle; includeInIndex = 0; path = LeavingHomeTest2_CoreMotionUITests.xctest; sourceTree = BUILT_PRODUCTS_DIR; };
		7F0DBAE31E761727000C016B /* LeavingHomeTest2_CoreMotionUITests.swift */ = {isa = PBXFileReference; lastKnownFileType = sourcecode.swift; path = LeavingHomeTest2_CoreMotionUITests.swift; sourceTree = "<group>"; };
		7F0DBAE51E761727000C016B /* Info.plist */ = {isa = PBXFileReference; lastKnownFileType = text.plist.xml; path = Info.plist; sourceTree = "<group>"; };
/* End PBXFileReference section */

/* Begin PBXFrameworksBuildPhase section */
		7F0DBABD1E761727000C016B /* Frameworks */ = {
			isa = PBXFrameworksBuildPhase;
			buildActionMask = 2147483647;
			files = (
			);
			runOnlyForDeploymentPostprocessing = 0;
		};
		7F0DBAD11E761727000C016B /* Frameworks */ = {
			isa = PBXFrameworksBuildPhase;
			buildActionMask = 2147483647;
			files = (
			);
			runOnlyForDeploymentPostprocessing = 0;
		};
		7F0DBADC1E761727000C016B /* Frameworks */ = {
			isa = PBXFrameworksBuildPhase;
			buildActionMask = 2147483647;
			files = (
			);
			runOnlyForDeploymentPostprocessing = 0;
		};
/* End PBXFrameworksBuildPhase section */

/* Begin PBXGroup section */
		7F0DBAB71E761727000C016B = {
			isa = PBXGroup;
			children = (
				7F0DBAC21E761727000C016B /* LeavingHomeTest2_CoreMotion */,
				7F0DBAD71E761727000C016B /* LeavingHomeTest2_CoreMotionTests */,
				7F0DBAE21E761727000C016B /* LeavingHomeTest2_CoreMotionUITests */,
				7F0DBAC11E761727000C016B /* Products */,
			);
			sourceTree = "<group>";
		};
		7F0DBAC11E761727000C016B /* Products */ = {
			isa = PBXGroup;
			children = (
				7F0DBAC01E761727000C016B /* LeavingHomeTest2_CoreMotion.app */,
				7F0DBAD41E761727000C016B /* LeavingHomeTest2_CoreMotionTests.xctest */,
				7F0DBADF1E761727000C016B /* LeavingHomeTest2_CoreMotionUITests.xctest */,
			);
			name = Products;
			sourceTree = "<group>";
		};
		7F0DBAC21E761727000C016B /* LeavingHomeTest2_CoreMotion */ = {
			isa = PBXGroup;
			children = (
				7F0DBAC31E761727000C016B /* AppDelegate.swift */,
				7F0DBAC51E761727000C016B /* ViewController.swift */,
				7F0DBAC71E761727000C016B /* Main.storyboard */,
				7F0DBACA1E761727000C016B /* Assets.xcassets */,
				7F0DBACC1E761727000C016B /* LaunchScreen.storyboard */,
				7F0DBACF1E761727000C016B /* Info.plist */,
			);
			path = LeavingHomeTest2_CoreMotion;
			sourceTree = "<group>";
		};
		7F0DBAD71E761727000C016B /* LeavingHomeTest2_CoreMotionTests */ = {
			isa = PBXGroup;
			children = (
				7F0DBAD81E761727000C016B /* LeavingHomeTest2_CoreMotionTests.swift */,
				7F0DBADA1E761727000C016B /* Info.plist */,
			);
			path = LeavingHomeTest2_CoreMotionTests;
			sourceTree = "<group>";
		};
		7F0DBAE21E761727000C016B /* LeavingHomeTest2_CoreMotionUITests */ = {
			isa = PBXGroup;
			children = (
				7F0DBAE31E761727000C016B /* LeavingHomeTest2_CoreMotionUITests.swift */,
				7F0DBAE51E761727000C016B /* Info.plist */,
			);
			path = LeavingHomeTest2_CoreMotionUITests;
			sourceTree = "<group>";
		};
/* End PBXGroup section */

/* Begin PBXNativeTarget section */
		7F0DBABF1E761727000C016B /* LeavingHomeTest2_CoreMotion */ = {
			isa = PBXNativeTarget;
			buildConfigurationList = 7F0DBAE81E761727000C016B /* Build configuration list for PBXNativeTarget "LeavingHomeTest2_CoreMotion" */;
			buildPhases = (
				7F0DBABC1E761727000C016B /* Sources */,
				7F0DBABD1E761727000C016B /* Frameworks */,
				7F0DBABE1E761727000C016B /* Resources */,
			);
			buildRules = (
			);
			dependencies = (
			);
			name = LeavingHomeTest2_CoreMotion;
			productName = LeavingHomeTest2_CoreMotion;
			productReference = 7F0DBAC01E761727000C016B /* LeavingHomeTest2_CoreMotion.app */;
			productType = "com.apple.product-type.application";
		};
		7F0DBAD31E761727000C016B /* LeavingHomeTest2_CoreMotionTests */ = {
			isa = PBXNativeTarget;
			buildConfigurationList = 7F0DBAEB1E761727000C016B /* Build configuration list for PBXNativeTarget "LeavingHomeTest2_CoreMotionTests" */;
			buildPhases = (
				7F0DBAD01E761727000C016B /* Sources */,
				7F0DBAD11E761727000C016B /* Frameworks */,
				7F0DBAD21E761727000C016B /* Resources */,
			);
			buildRules = (
			);
			dependencies = (
				7F0DBAD61E761727000C016B /* PBXTargetDependency */,
			);
			name = LeavingHomeTest2_CoreMotionTests;
			productName = LeavingHomeTest2_CoreMotionTests;
			productReference = 7F0DBAD41E761727000C016B /* LeavingHomeTest2_CoreMotionTests.xctest */;
			productType = "com.apple.product-type.bundle.unit-test";
		};
		7F0DBADE1E761727000C016B /* LeavingHomeTest2_CoreMotionUITests */ = {
			isa = PBXNativeTarget;
			buildConfigurationList = 7F0DBAEE1E761727000C016B /* Build configuration list for PBXNativeTarget "LeavingHomeTest2_CoreMotionUITests" */;
			buildPhases = (
				7F0DBADB1E761727000C016B /* Sources */,
				7F0DBADC1E761727000C016B /* Frameworks */,
				7F0DBADD1E761727000C016B /* Resources */,
			);
			buildRules = (
			);
			dependencies = (
				7F0DBAE11E761727000C016B /* PBXTargetDependency */,
			);
			name = LeavingHomeTest2_CoreMotionUITests;
			productName = LeavingHomeTest2_CoreMotionUITests;
			productReference = 7F0DBADF1E761727000C016B /* LeavingHomeTest2_CoreMotionUITests.xctest */;
			productType = "com.apple.product-type.bundle.ui-testing";
		};
/* End PBXNativeTarget section */

/* Begin PBXProject section */
		7F0DBAB81E761727000C016B /* Project object */ = {
			isa = PBXProject;
			attributes = {
				LastSwiftUpdateCheck = 0820;
				LastUpgradeCheck = 0820;
				ORGANIZATIONNAME = "Renyi Hou";
				TargetAttributes = {
					7F0DBABF1E761727000C016B = {
						CreatedOnToolsVersion = 8.2.1;
						DevelopmentTeam = BESH95S568;
						ProvisioningStyle = Automatic;
					};
					7F0DBAD31E761727000C016B = {
						CreatedOnToolsVersion = 8.2.1;
						ProvisioningStyle = Automatic;
						TestTargetID = 7F0DBABF1E761727000C016B;
					};
					7F0DBADE1E761727000C016B = {
						CreatedOnToolsVersion = 8.2.1;
						ProvisioningStyle = Automatic;
						TestTargetID = 7F0DBABF1E761727000C016B;
					};
				};
			};
			buildConfigurationList = 7F0DBABB1E761727000C016B /* Build configuration list for PBXProject "LeavingHomeTest2_CoreMotion" */;
			compatibilityVersion = "Xcode 3.2";
			developmentRegion = English;
			hasScannedForEncodings = 0;
			knownRegions = (
				en,
				Base,
			);
			mainGroup = 7F0DBAB71E761727000C016B;
			productRefGroup = 7F0DBAC11E761727000C016B /* Products */;
			projectDirPath = "";
			projectRoot = "";
			targets = (
				7F0DBABF1E761727000C016B /* LeavingHomeTest2_CoreMotion */,
				7F0DBAD31E761727000C016B /* LeavingHomeTest2_CoreMotionTests */,
				7F0DBADE1E761727000C016B /* LeavingHomeTest2_CoreMotionUITests */,
			);
		};
/* End PBXProject section */

/* Begin PBXResourcesBuildPhase section */
		7F0DBABE1E761727000C016B /* Resources */ = {
			isa = PBXResourcesBuildPhase;
			buildActionMask = 2147483647;
			files = (
				7F0DBACE1E761727000C016B /* LaunchScreen.storyboard in Resources */,
				7F0DBACB1E761727000C016B /* Assets.xcassets in Resources */,
				7F0DBAC91E761727000C016B /* Main.storyboard in Resources */,
			);
			runOnlyForDeploymentPostprocessing = 0;
		};
		7F0DBAD21E761727000C016B /* Resources */ = {
			isa = PBXResourcesBuildPhase;
			buildActionMask = 2147483647;
			files = (
			);
			runOnlyForDeploymentPostprocessing = 0;
		};
		7F0DBADD1E761727000C016B /* Resources */ = {
			isa = PBXResourcesBuildPhase;
			buildActionMask = 2147483647;
			files = (
			);
			runOnlyForDeploymentPostprocessing = 0;
		};
/* End PBXResourcesBuildPhase section */

/* Begin PBXSourcesBuildPhase section */
		7F0DBABC1E761727000C016B /* Sources */ = {
			isa = PBXSourcesBuildPhase;
			buildActionMask = 2147483647;
			files = (
				7F0DBAC61E761727000C016B /* ViewController.swift in Sources */,
				7F0DBAC41E761727000C016B /* AppDelegate.swift in Sources */,
			);
			runOnlyForDeploymentPostprocessing = 0;
		};
		7F0DBAD01E761727000C016B /* Sources */ = {
			isa = PBXSourcesBuildPhase;
			buildActionMask = 2147483647;
			files = (
				7F0DBAD91E761727000C016B /* LeavingHomeTest2_CoreMotionTests.swift in Sources */,
			);
			runOnlyForDeploymentPostprocessing = 0;
		};
		7F0DBADB1E761727000C016B /* Sources */ = {
			isa = PBXSourcesBuildPhase;
			buildActionMask = 2147483647;
			files = (
				7F0DBAE41E761727000C016B /* LeavingHomeTest2_CoreMotionUITests.swift in Sources */,
			);
			runOnlyForDeploymentPostprocessing = 0;
		};
/* End PBXSourcesBuildPhase section */

/* Begin PBXTargetDependency section */
		7F0DBAD61E761727000C016B /* PBXTargetDependency */ = {
			isa = PBXTargetDependency;
			target = 7F0DBABF1E761727000C016B /* LeavingHomeTest2_CoreMotion */;
			targetProxy = 7F0DBAD51E761727000C016B /* PBXContainerItemProxy */;
		};
		7F0DBAE11E761727000C016B /* PBXTargetDependency */ = {
			isa = PBXTargetDependency;
			target = 7F0DBABF1E761727000C016B /* LeavingHomeTest2_CoreMotion */;
			targetProxy = 7F0DBAE01E761727000C016B /* PBXContainerItemProxy */;
		};
/* End PBXTargetDependency section */

/* Begin PBXVariantGroup section */
		7F0DBAC71E761727000C016B /* Main.storyboard */ = {
			isa = PBXVariantGroup;
			children = (
				7F0DBAC81E761727000C016B /* Base */,
			);
			name = Main.storyboard;
			sourceTree = "<group>";
		};
		7F0DBACC1E761727000C016B /* LaunchScreen.storyboard */ = {
			isa = PBXVariantGroup;
			children = (
				7F0DBACD1E761727000C016B /* Base */,
			);
			name = LaunchScreen.storyboard;
			sourceTree = "<group>";
		};
/* End PBXVariantGroup section */

/* Begin XCBuildConfiguration section */
		7F0DBAE61E761727000C016B /* Debug */ = {
			isa = XCBuildConfiguration;
			buildSettings = {
				ALWAYS_SEARCH_USER_PATHS = NO;
				CLANG_ANALYZER_NONNULL = YES;
				CLANG_CXX_LANGUAGE_STANDARD = "gnu++0x";
				CLANG_CXX_LIBRARY = "libc++";
				CLANG_ENABLE_MODULES = YES;
				CLANG_ENABLE_OBJC_ARC = YES;
				CLANG_WARN_BOOL_CONVERSION = YES;
				CLANG_WARN_CONSTANT_CONVERSION = YES;
				CLANG_WARN_DIRECT_OBJC_ISA_USAGE = YES_ERROR;
				CLANG_WARN_DOCUMENTATION_COMMENTS = YES;
				CLANG_WARN_EMPTY_BODY = YES;
				CLANG_WARN_ENUM_CONVERSION = YES;
				CLANG_WARN_INFINITE_RECURSION = YES;
				CLANG_WARN_INT_CONVERSION = YES;
				CLANG_WARN_OBJC_ROOT_CLASS = YES_ERROR;
				CLANG_WARN_SUSPICIOUS_MOVE = YES;
				CLANG_WARN_UNREACHABLE_CODE = YES;
				CLANG_WARN__DUPLICATE_METHOD_MATCH = YES;
				"CODE_SIGN_IDENTITY[sdk=iphoneos*]" = "iPhone Developer";
				COPY_PHASE_STRIP = NO;
				DEBUG_INFORMATION_FORMAT = dwarf;
				ENABLE_STRICT_OBJC_MSGSEND = YES;
				ENABLE_TESTABILITY = YES;
				GCC_C_LANGUAGE_STANDARD = gnu99;
				GCC_DYNAMIC_NO_PIC = NO;
				GCC_NO_COMMON_BLOCKS = YES;
				GCC_OPTIMIZATION_LEVEL = 0;
				GCC_PREPROCESSOR_DEFINITIONS = (
					"DEBUG=1",
					"$(inherited)",
				);
				GCC_WARN_64_TO_32_BIT_CONVERSION = YES;
				GCC_WARN_ABOUT_RETURN_TYPE = YES_ERROR;
				GCC_WARN_UNDECLARED_SELECTOR = YES;
				GCC_WARN_UNINITIALIZED_AUTOS = YES_AGGRESSIVE;
				GCC_WARN_UNUSED_FUNCTION = YES;
				GCC_WARN_UNUSED_VARIABLE = YES;
				IPHONEOS_DEPLOYMENT_TARGET = 10.2;
				MTL_ENABLE_DEBUG_INFO = YES;
				ONLY_ACTIVE_ARCH = YES;
				SDKROOT = iphoneos;
				SWIFT_ACTIVE_COMPILATION_CONDITIONS = DEBUG;
				SWIFT_OPTIMIZATION_LEVEL = "-Onone";
				TARGETED_DEVICE_FAMILY = "1,2";
			};
			name = Debug;
		};
		7F0DBAE71E761727000C016B /* Release */ = {
			isa = XCBuildConfiguration;
			buildSettings = {
				ALWAYS_SEARCH_USER_PATHS = NO;
				CLANG_ANALYZER_NONNULL = YES;
				CLANG_CXX_LANGUAGE_STANDARD = "gnu++0x";
				CLANG_CXX_LIBRARY = "libc++";
				CLANG_ENABLE_MODULES = YES;
				CLANG_ENABLE_OBJC_ARC = YES;
				CLANG_WARN_BOOL_CONVERSION = YES;
				CLANG_WARN_CONSTANT_CONVERSION = YES;
				CLANG_WARN_DIRECT_OBJC_ISA_USAGE = YES_ERROR;
				CLANG_WARN_DOCUMENTATION_COMMENTS = YES;
				CLANG_WARN_EMPTY_BODY = YES;
				CLANG_WARN_ENUM_CONVERSION = YES;
				CLANG_WARN_INFINITE_RECURSION = YES;
				CLANG_WARN_INT_CONVERSION = YES;
				CLANG_WARN_OBJC_ROOT_CLASS = YES_ERROR;
				CLANG_WARN_SUSPICIOUS_MOVE = YES;
				CLANG_WARN_UNREACHABLE_CODE = YES;
				CLANG_WARN__DUPLICATE_METHOD_MATCH = YES;
				"CODE_SIGN_IDENTITY[sdk=iphoneos*]" = "iPhone Developer";
				COPY_PHASE_STRIP = NO;
				DEBUG_INFORMATION_FORMAT = "dwarf-with-dsym";
				ENABLE_NS_ASSERTIONS = NO;
				ENABLE_STRICT_OBJC_MSGSEND = YES;
				GCC_C_LANGUAGE_STANDARD = gnu99;
				GCC_NO_COMMON_BLOCKS = YES;
				GCC_WARN_64_TO_32_BIT_CONVERSION = YES;
				GCC_WARN_ABOUT_RETURN_TYPE = YES_ERROR;
				GCC_WARN_UNDECLARED_SELECTOR = YES;
				GCC_WARN_UNINITIALIZED_AUTOS = YES_AGGRESSIVE;
				GCC_WARN_UNUSED_FUNCTION = YES;
				GCC_WARN_UNUSED_VARIABLE = YES;
				IPHONEOS_DEPLOYMENT_TARGET = 10.2;
				MTL_ENABLE_DEBUG_INFO = NO;
				SDKROOT = iphoneos;
				SWIFT_OPTIMIZATION_LEVEL = "-Owholemodule";
				TARGETED_DEVICE_FAMILY = "1,2";
				VALIDATE_PRODUCT = YES;
			};
			name = Release;
		};
		7F0DBAE91E761727000C016B /* Debug */ = {
			isa = XCBuildConfiguration;
			buildSettings = {
				ASSETCATALOG_COMPILER_APPICON_NAME = AppIcon;
				DEVELOPMENT_TEAM = BESH95S568;
				INFOPLIST_FILE = LeavingHomeTest2_CoreMotion/Info.plist;
				LD_RUNPATH_SEARCH_PATHS = "$(inherited) @executable_path/Frameworks";
				PRODUCT_BUNDLE_IDENTIFIER = "gareth.LeavingHomeTest2-CoreMotion";
				PRODUCT_NAME = "$(TARGET_NAME)";
				SWIFT_VERSION = 3.0;
			};
			name = Debug;
		};
		7F0DBAEA1E761727000C016B /* Release */ = {
			isa = XCBuildConfiguration;
			buildSettings = {
				ASSETCATALOG_COMPILER_APPICON_NAME = AppIcon;
				DEVELOPMENT_TEAM = BESH95S568;
				INFOPLIST_FILE = LeavingHomeTest2_CoreMotion/Info.plist;
				LD_RUNPATH_SEARCH_PATHS = "$(inherited) @executable_path/Frameworks";
				PRODUCT_BUNDLE_IDENTIFIER = "gareth.LeavingHomeTest2-CoreMotion";
				PRODUCT_NAME = "$(TARGET_NAME)";
				SWIFT_VERSION = 3.0;
			};
			name = Release;
		};
		7F0DBAEC1E761727000C016B /* Debug */ = {
			isa = XCBuildConfiguration;
			buildSettings = {
				ALWAYS_EMBED_SWIFT_STANDARD_LIBRARIES = YES;
				BUNDLE_LOADER = "$(TEST_HOST)";
				INFOPLIST_FILE = LeavingHomeTest2_CoreMotionTests/Info.plist;
				LD_RUNPATH_SEARCH_PATHS = "$(inherited) @executable_path/Frameworks @loader_path/Frameworks";
				PRODUCT_BUNDLE_IDENTIFIER = "gareth.LeavingHomeTest2-CoreMotionTests";
				PRODUCT_NAME = "$(TARGET_NAME)";
				SWIFT_VERSION = 3.0;
				TEST_HOST = "$(BUILT_PRODUCTS_DIR)/LeavingHomeTest2_CoreMotion.app/LeavingHomeTest2_CoreMotion";
			};
			name = Debug;
		};
		7F0DBAED1E761727000C016B /* Release */ = {
			isa = XCBuildConfiguration;
			buildSettings = {
				ALWAYS_EMBED_SWIFT_STANDARD_LIBRARIES = YES;
				BUNDLE_LOADER = "$(TEST_HOST)";
				INFOPLIST_FILE = LeavingHomeTest2_CoreMotionTests/Info.plist;
				LD_RUNPATH_SEARCH_PATHS = "$(inherited) @executable_path/Frameworks @loader_path/Frameworks";
				PRODUCT_BUNDLE_IDENTIFIER = "gareth.LeavingHomeTest2-CoreMotionTests";
				PRODUCT_NAME = "$(TARGET_NAME)";
				SWIFT_VERSION = 3.0;
				TEST_HOST = "$(BUILT_PRODUCTS_DIR)/LeavingHomeTest2_CoreMotion.app/LeavingHomeTest2_CoreMotion";
			};
			name = Release;
		};
		7F0DBAEF1E761727000C016B /* Debug */ = {
			isa = XCBuildConfiguration;
			buildSettings = {
				ALWAYS_EMBED_SWIFT_STANDARD_LIBRARIES = YES;
				INFOPLIST_FILE = LeavingHomeTest2_CoreMotionUITests/Info.plist;
				LD_RUNPATH_SEARCH_PATHS = "$(inherited) @executable_path/Frameworks @loader_path/Frameworks";
				PRODUCT_BUNDLE_IDENTIFIER = "gareth.LeavingHomeTest2-CoreMotionUITests";
				PRODUCT_NAME = "$(TARGET_NAME)";
				SWIFT_VERSION = 3.0;
				TEST_TARGET_NAME = LeavingHomeTest2_CoreMotion;
			};
			name = Debug;
		};
		7F0DBAF01E761727000C016B /* Release */ = {
			isa = XCBuildConfiguration;
			buildSettings = {
				ALWAYS_EMBED_SWIFT_STANDARD_LIBRARIES = YES;
				INFOPLIST_FILE = LeavingHomeTest2_CoreMotionUITests/Info.plist;
				LD_RUNPATH_SEARCH_PATHS = "$(inherited) @executable_path/Frameworks @loader_path/Frameworks";
				PRODUCT_BUNDLE_IDENTIFIER = "gareth.LeavingHomeTest2-CoreMotionUITests";
				PRODUCT_NAME = "$(TARGET_NAME)";
				SWIFT_VERSION = 3.0;
				TEST_TARGET_NAME = LeavingHomeTest2_CoreMotion;
			};
			name = Release;
		};
/* End XCBuildConfiguration section */

/* Begin XCConfigurationList section */
		7F0DBABB1E761727000C016B /* Build configuration list for PBXProject "LeavingHomeTest2_CoreMotion" */ = {
			isa = XCConfigurationList;
			buildConfigurations = (
				7F0DBAE61E761727000C016B /* Debug */,
				7F0DBAE71E761727000C016B /* Release */,
			);
			defaultConfigurationIsVisible = 0;
			defaultConfigurationName = Release;
		};
		7F0DBAE81E761727000C016B /* Build configuration list for PBXNativeTarget "LeavingHomeTest2_CoreMotion" */ = {
			isa = XCConfigurationList;
			buildConfigurations = (
				7F0DBAE91E761727000C016B /* Debug */,
				7F0DBAEA1E761727000C016B /* Release */,
			);
			defaultConfigurationIsVisible = 0;
			defaultConfigurationName = Release;
		};
		7F0DBAEB1E761727000C016B /* Build configuration list for PBXNativeTarget "LeavingHomeTest2_CoreMotionTests" */ = {
			isa = XCConfigurationList;
			buildConfigurations = (
				7F0DBAEC1E761727000C016B /* Debug */,
				7F0DBAED1E761727000C016B /* Release */,
			);
			defaultConfigurationIsVisible = 0;
			defaultConfigurationName = Release;
		};
		7F0DBAEE1E761727000C016B /* Build configuration list for PBXNativeTarget "LeavingHomeTest2_CoreMotionUITests" */ = {
			isa = XCConfigurationList;
			buildConfigurations = (
				7F0DBAEF1E761727000C016B /* Debug */,
				7F0DBAF01E761727000C016B /* Release */,
			);
			defaultConfigurationIsVisible = 0;
			defaultConfigurationName = Release;
		};
/* End XCConfigurationList section */
	};
	rootObject = 7F0DBAB81E761727000C016B /* Project object */;
}
